
Microsoft Visual Studio Solution File, Format Version 12.00
# Visual Studio Version 17
VisualStudioVersion = 17.10.34707.107
MinimumVisualStudioVersion = 10.0.40219.1
Project("{FAE04EC0-301F-11D3-BF4B-00C04F79EFBC}") = "Module3", "Module3\Module3.csproj", "{80692A3A-7EC9-475A-9EB7-8C1C58552BEE}"
EndProject
Global
	GlobalSection(SolutionConfigurationPlatforms) = preSolution
		Debug|Any CPU = Debug|Any CPU
		Release|Any CPU = Release|Any CPU
	EndGlobalSection
	GlobalSection(ProjectConfigurationPlatforms) = postSolution
		{80692A3A-7EC9-475A-9EB7-8C1C58552BEE}.Debug|Any CPU.ActiveCfg = Debug|Any CPU
		{80692A3A-7EC9-475A-9EB7-8C1C58552BEE}.Debug|Any CPU.Build.0 = Debug|Any CPU
		{80692A3A-7EC9-475A-9EB7-8C1C58552BEE}.Release|Any CPU.ActiveCfg = Release|Any CPU
		{80692A3A-7EC9-475A-9EB7-8C1C58552BEE}.Release|Any CPU.Build.0 = Release|Any CPU
	EndGlobalSection
	GlobalSection(SolutionProperties) = preSolution
		HideSolutionNode = FALSE
	EndGlobalSection
	GlobalSection(ExtensibilityGlobals) = postSolution
		SolutionGuid = {26A04E1C-8AD0-43A7-904A-CEA9038BCB6F}
	EndGlobalSection
EndGlobal
